
Microsoft Visual Studio Solution File, Format Version 12.00
# Visual Studio Version 16
VisualStudioVersion = 16.0.30907.101
MinimumVisualStudioVersion = 10.0.40219.1
Project("{9A19103F-16F7-4668-BE54-9A1E7A4F7556}") = "ClassMetotDemo", "ClassMetotDemo.csproj", "{2C5BF3DD-601F-4CF1-9449-93591529FCCB}"
EndProject
Global
	GlobalSection(SolutionConfigurationPlatforms) = preSolution
		Debug|Any CPU = Debug|Any CPU
		Release|Any CPU = Release|Any CPU
	EndGlobalSection
	GlobalSection(ProjectConfigurationPlatforms) = postSolution
		{2C5BF3DD-601F-4CF1-9449-93591529FCCB}.Debug|Any CPU.ActiveCfg = Debug|Any CPU
		{2C5BF3DD-601F-4CF1-9449-93591529FCCB}.Debug|Any CPU.Build.0 = Debug|Any CPU
		{2C5BF3DD-601F-4CF1-9449-93591529FCCB}.Release|Any CPU.ActiveCfg = Release|Any CPU
		{2C5BF3DD-601F-4CF1-9449-93591529FCCB}.Release|Any CPU.Build.0 = Release|Any CPU
	EndGlobalSection
	GlobalSection(SolutionProperties) = preSolution
		HideSolutionNode = FALSE
	EndGlobalSection
	GlobalSection(ExtensibilityGlobals) = postSolution
		SolutionGuid = {E27A9F2D-473E-4C22-84EA-F8D241EB8E22}
	EndGlobalSection
EndGlobal
